# @generated by Move, please check-in and do not edit manually.

[move]
version = 2
manifest_digest = "88B6420A557CC09260DEB9F3A22B8A94DC9A07CF7D6DF3A47168EB895DB02A8B"
deps_digest = "F8BBB0CCB2491CA29A3DF03D6F92277A4F3574266507ACD77214D37ECA3F3082"
dependencies = [
  { name = "Sui" },
]

[[move.package]]
name = "MoveStdlib"
source = { git = "https://github.com/MystenLabs/sui.git", rev = "framework/testnet", subdir = "crates/sui-framework/packages/move-stdlib" }

[[move.package]]
name = "Sui"
source = { git = "https://github.com/MystenLabs/sui.git", rev = "framework/testnet", subdir = "crates/sui-framework/packages/sui-framework" }

dependencies = [
  { name = "MoveStdlib" },
]

[move.toolchain-version]
compiler-version = "1.24.0"
edition = "legacy"
flavor = "sui"

[env]

[env.testnet]
chain-id = "4c78adac"
original-published-id = "0x30edd855a51c3c16cc6f3ac53e2af9150a70eb698427ee7759073b692c6775b4"
latest-published-id = "0x30edd855a51c3c16cc6f3ac53e2af9150a70eb698427ee7759073b692c6775b4"
published-version = "1"
